
Microsoft Visual Studio Solution File, Format Version 12.00
# Visual Studio Version 17
VisualStudioVersion = 17.7.34031.279
MinimumVisualStudioVersion = 10.0.40219.1
Project("{9A19103F-16F7-4668-BE54-9A1E7A4F7556}") = "ContactsManager.UI", "ContactsManager.UI\ContactsManager.UI.csproj", "{2AEB5362-9938-41C3-8841-53519CE463AE}"
EndProject
Project("{2150E333-8FDC-42A3-9474-1A3956D46DE8}") = "src", "src", "{16E30EBC-6210-4301-AA9C-CE45EE6AC922}"
EndProject
Project("{2150E333-8FDC-42A3-9474-1A3956D46DE8}") = "tests", "tests", "{92A12F17-C736-43A3-9613-604F589D2D52}"
EndProject
Project("{9A19103F-16F7-4668-BE54-9A1E7A4F7556}") = "ContactsManager.Core", "ContactsManager.Core\ContactsManager.Core.csproj", "{AF0D1F92-10F2-4B0E-A1A0-D94E1E690FFC}"
EndProject
Project("{9A19103F-16F7-4668-BE54-9A1E7A4F7556}") = "ContactsManager.Infrastructure", "ContactsManager.Infrastructure\ContactsManager.Infrastructure.csproj", "{C92D673E-A4F9-4D4D-A7D7-F0D83A037553}"
EndProject
Project("{9A19103F-16F7-4668-BE54-9A1E7A4F7556}") = "ContactsManager.ServiceTests", "ContactsManager.ServiceTests\ContactsManager.ServiceTests.csproj", "{B1169F16-A202-42C4-B986-E90FBA437B4E}"
EndProject
Global
	GlobalSection(SolutionConfigurationPlatforms) = preSolution
		Debug|Any CPU = Debug|Any CPU
		Release|Any CPU = Release|Any CPU
	EndGlobalSection
	GlobalSection(ProjectConfigurationPlatforms) = postSolution
		{2AEB5362-9938-41C3-8841-53519CE463AE}.Debug|Any CPU.ActiveCfg = Debug|Any CPU
		{2AEB5362-9938-41C3-8841-53519CE463AE}.Debug|Any CPU.Build.0 = Debug|Any CPU
		{2AEB5362-9938-41C3-8841-53519CE463AE}.Release|Any CPU.ActiveCfg = Release|Any CPU
		{2AEB5362-9938-41C3-8841-53519CE463AE}.Release|Any CPU.Build.0 = Release|Any CPU
		{AF0D1F92-10F2-4B0E-A1A0-D94E1E690FFC}.Debug|Any CPU.ActiveCfg = Debug|Any CPU
		{AF0D1F92-10F2-4B0E-A1A0-D94E1E690FFC}.Debug|Any CPU.Build.0 = Debug|Any CPU
		{AF0D1F92-10F2-4B0E-A1A0-D94E1E690FFC}.Release|Any CPU.ActiveCfg = Release|Any CPU
		{AF0D1F92-10F2-4B0E-A1A0-D94E1E690FFC}.Release|Any CPU.Build.0 = Release|Any CPU
		{C92D673E-A4F9-4D4D-A7D7-F0D83A037553}.Debug|Any CPU.ActiveCfg = Debug|Any CPU
		{C92D673E-A4F9-4D4D-A7D7-F0D83A037553}.Debug|Any CPU.Build.0 = Debug|Any CPU
		{C92D673E-A4F9-4D4D-A7D7-F0D83A037553}.Release|Any CPU.ActiveCfg = Release|Any CPU
		{C92D673E-A4F9-4D4D-A7D7-F0D83A037553}.Release|Any CPU.Build.0 = Release|Any CPU
		{B1169F16-A202-42C4-B986-E90FBA437B4E}.Debug|Any CPU.ActiveCfg = Debug|Any CPU
		{B1169F16-A202-42C4-B986-E90FBA437B4E}.Debug|Any CPU.Build.0 = Debug|Any CPU
		{B1169F16-A202-42C4-B986-E90FBA437B4E}.Release|Any CPU.ActiveCfg = Release|Any CPU
		{B1169F16-A202-42C4-B986-E90FBA437B4E}.Release|Any CPU.Build.0 = Release|Any CPU
	EndGlobalSection
	GlobalSection(SolutionProperties) = preSolution
		HideSolutionNode = FALSE
	EndGlobalSection
	GlobalSection(NestedProjects) = preSolution
		{2AEB5362-9938-41C3-8841-53519CE463AE} = {16E30EBC-6210-4301-AA9C-CE45EE6AC922}
		{AF0D1F92-10F2-4B0E-A1A0-D94E1E690FFC} = {16E30EBC-6210-4301-AA9C-CE45EE6AC922}
		{C92D673E-A4F9-4D4D-A7D7-F0D83A037553} = {16E30EBC-6210-4301-AA9C-CE45EE6AC922}
		{B1169F16-A202-42C4-B986-E90FBA437B4E} = {92A12F17-C736-43A3-9613-604F589D2D52}
	EndGlobalSection
	GlobalSection(ExtensibilityGlobals) = postSolution
		SolutionGuid = {493B6A29-C614-4589-B541-019858F49D7A}
	EndGlobalSection
EndGlobal
